{
  "name": "str-merge",
  "version": "1.0.11",
  "lockfileVersion": 3,
  "requires": true,
  "packages": {
    "": {
      "name": "str-merge",
      "version": "1.0.11",
      "license": "MIT",
      "dependencies": {
        "tailwind-merge": "^2.5.4"
      },
      "devDependencies": {
        "prettier": "^3.3.3"
      }
    },
    "node_modules/prettier": {
      "version": "3.4.2",
      "resolved": "https://registry.npmjs.org/prettier/-/prettier-3.4.2.tgz",
      "integrity": "sha512-e9MewbtFo+Fevyuxn/4rrcDAaq0IYxPGLvObpQjiZBMAzB9IGmzlnG9RZy3FFas+eBMu2vA0CszMeduow5dIuQ==",
      "dev": true,
      "bin": {
        "prettier": "bin/prettier.cjs"
      },
      "engines": {
        "node": ">=14"
      },
      "funding": {
        "url": "https://github.com/prettier/prettier?sponsor=1"
      }
    },
    "node_modules/tailwind-merge": {
      "version": "2.6.0",
      "resolved": "https://registry.npmjs.org/tailwind-merge/-/tailwind-merge-2.6.0.tgz",
      "integrity": "sha512-P+Vu1qXfzediirmHOC3xKGAYeZtPcV9g76X+xg2FD4tYgR71ewMA35Y3sCz3zhiN/dwefRpJX0yBcgwi1fXNQA==",
      "funding": {
        "type": "github",
        "url": "https://github.com/sponsors/dcastil"
      }
    }
  }
}
